// !$*UTF8*$!
{
	archiveVersion = 1;
	classes = {
	};
	objectVersion = 50;
	objects = {

/* Begin PBXBuildFile section */
		B0666814210744E500838D58 /* MMDrawerController.h in Headers */ = {isa = PBXBuildFile; fileRef = B0666812210744E500838D58 /* MMDrawerController.h */; settings = {ATTRIBUTES = (Public, ); }; };
		B06668232107454C00838D58 /* _MMDrawerController.h in Headers */ = {isa = PBXBuildFile; fileRef = B066681A2107454B00838D58 /* _MMDrawerController.h */; settings = {ATTRIBUTES = (Public, ); }; };
		B06668242107454C00838D58 /* UIViewController+MMDrawerController.h in Headers */ = {isa = PBXBuildFile; fileRef = B066681B2107454B00838D58 /* UIViewController+MMDrawerController.h */; settings = {ATTRIBUTES = (Public, ); }; };
		B06668252107454C00838D58 /* MMDrawerController+Subclass.h in Headers */ = {isa = PBXBuildFile; fileRef = B066681C2107454B00838D58 /* MMDrawerController+Subclass.h */; settings = {ATTRIBUTES = (Public, ); }; };
		B06668262107454C00838D58 /* MMDrawerVisualState.h in Headers */ = {isa = PBXBuildFile; fileRef = B066681D2107454B00838D58 /* MMDrawerVisualState.h */; settings = {ATTRIBUTES = (Public, ); }; };
		B06668272107454C00838D58 /* MMDrawerBarButtonItem.m in Sources */ = {isa = PBXBuildFile; fileRef = B066681E2107454B00838D58 /* MMDrawerBarButtonItem.m */; };
		B06668282107454C00838D58 /* MMDrawerVisualState.m in Sources */ = {isa = PBXBuildFile; fileRef = B066681F2107454B00838D58 /* MMDrawerVisualState.m */; };
		B06668292107454C00838D58 /* UIViewController+MMDrawerController.m in Sources */ = {isa = PBXBuildFile; fileRef = B06668202107454C00838D58 /* UIViewController+MMDrawerController.m */; };
		B066682A2107454C00838D58 /* MMDrawerBarButtonItem.h in Headers */ = {isa = PBXBuildFile; fileRef = B06668212107454C00838D58 /* MMDrawerBarButtonItem.h */; settings = {ATTRIBUTES = (Public, ); }; };
		B066682B2107454C00838D58 /* MMDrawerController.m in Sources */ = {isa = PBXBuildFile; fileRef = B06668222107454C00838D58 /* MMDrawerController.m */; };
/* End PBXBuildFile section */

/* Begin PBXFileReference section */
		B066680F210744E500838D58 /* MMDrawerController.framework */ = {isa = PBXFileReference; explicitFileType = wrapper.framework; includeInIndex = 0; path = MMDrawerController.framework; sourceTree = BUILT_PRODUCTS_DIR; };
		B0666812210744E500838D58 /* MMDrawerController.h */ = {isa = PBXFileReference; lastKnownFileType = sourcecode.c.h; path = MMDrawerController.h; sourceTree = "<group>"; };
		B0666813210744E500838D58 /* Info.plist */ = {isa = PBXFileReference; lastKnownFileType = text.plist.xml; path = Info.plist; sourceTree = "<group>"; };
		B066681A2107454B00838D58 /* _MMDrawerController.h */ = {isa = PBXFileReference; fileEncoding = 4; lastKnownFileType = sourcecode.c.h; path = _MMDrawerController.h; sourceTree = "<group>"; };
		B066681B2107454B00838D58 /* UIViewController+MMDrawerController.h */ = {isa = PBXFileReference; fileEncoding = 4; lastKnownFileType = sourcecode.c.h; path = "UIViewController+MMDrawerController.h"; sourceTree = "<group>"; };
		B066681C2107454B00838D58 /* MMDrawerController+Subclass.h */ = {isa = PBXFileReference; fileEncoding = 4; lastKnownFileType = sourcecode.c.h; path = "MMDrawerController+Subclass.h"; sourceTree = "<group>"; };
		B066681D2107454B00838D58 /* MMDrawerVisualState.h */ = {isa = PBXFileReference; fileEncoding = 4; lastKnownFileType = sourcecode.c.h; path = MMDrawerVisualState.h; sourceTree = "<group>"; };
		B066681E2107454B00838D58 /* MMDrawerBarButtonItem.m */ = {isa = PBXFileReference; fileEncoding = 4; lastKnownFileType = sourcecode.c.objc; path = MMDrawerBarButtonItem.m; sourceTree = "<group>"; };
		B066681F2107454B00838D58 /* MMDrawerVisualState.m */ = {isa = PBXFileReference; fileEncoding = 4; lastKnownFileType = sourcecode.c.objc; path = MMDrawerVisualState.m; sourceTree = "<group>"; };
		B06668202107454C00838D58 /* UIViewController+MMDrawerController.m */ = {isa = PBXFileReference; fileEncoding = 4; lastKnownFileType = sourcecode.c.objc; path = "UIViewController+MMDrawerController.m"; sourceTree = "<group>"; };
		B06668212107454C00838D58 /* MMDrawerBarButtonItem.h */ = {isa = PBXFileReference; fileEncoding = 4; lastKnownFileType = sourcecode.c.h; path = MMDrawerBarButtonItem.h; sourceTree = "<group>"; };
		B06668222107454C00838D58 /* MMDrawerController.m */ = {isa = PBXFileReference; fileEncoding = 4; lastKnownFileType = sourcecode.c.objc; path = MMDrawerController.m; sourceTree = "<group>"; };
/* End PBXFileReference section */

/* Begin PBXFrameworksBuildPhase section */
		B066680B210744E500838D58 /* Frameworks */ = {
			isa = PBXFrameworksBuildPhase;
			buildActionMask = 2147483647;
			files = (
			);
			runOnlyForDeploymentPostprocessing = 0;
		};
/* End PBXFrameworksBuildPhase section */

/* Begin PBXGroup section */
		B0666805210744E500838D58 = {
			isa = PBXGroup;
			children = (
				B0666811210744E500838D58 /* MMDrawerController */,
				B0666810210744E500838D58 /* Products */,
			);
			sourceTree = "<group>";
		};
		B0666810210744E500838D58 /* Products */ = {
			isa = PBXGroup;
			children = (
				B066680F210744E500838D58 /* MMDrawerController.framework */,
			);
			name = Products;
			sourceTree = "<group>";
		};
		B0666811210744E500838D58 /* MMDrawerController */ = {
			isa = PBXGroup;
			children = (
				B066681A2107454B00838D58 /* _MMDrawerController.h */,
				B0666813210744E500838D58 /* Info.plist */,
				B06668212107454C00838D58 /* MMDrawerBarButtonItem.h */,
				B066681E2107454B00838D58 /* MMDrawerBarButtonItem.m */,
				B0666812210744E500838D58 /* MMDrawerController.h */,
				B06668222107454C00838D58 /* MMDrawerController.m */,
				B066681C2107454B00838D58 /* MMDrawerController+Subclass.h */,
				B066681D2107454B00838D58 /* MMDrawerVisualState.h */,
				B066681F2107454B00838D58 /* MMDrawerVisualState.m */,
				B066681B2107454B00838D58 /* UIViewController+MMDrawerController.h */,
				B06668202107454C00838D58 /* UIViewController+MMDrawerController.m */,
			);
			path = MMDrawerController;
			sourceTree = "<group>";
		};
/* End PBXGroup section */

/* Begin PBXHeadersBuildPhase section */
		B066680C210744E500838D58 /* Headers */ = {
			isa = PBXHeadersBuildPhase;
			buildActionMask = 2147483647;
			files = (
				B0666814210744E500838D58 /* MMDrawerController.h in Headers */,
				B06668262107454C00838D58 /* MMDrawerVisualState.h in Headers */,
				B06668242107454C00838D58 /* UIViewController+MMDrawerController.h in Headers */,
				B06668252107454C00838D58 /* MMDrawerController+Subclass.h in Headers */,
				B066682A2107454C00838D58 /* MMDrawerBarButtonItem.h in Headers */,
				B06668232107454C00838D58 /* _MMDrawerController.h in Headers */,
			);
			runOnlyForDeploymentPostprocessing = 0;
		};
/* End PBXHeadersBuildPhase section */

/* Begin PBXNativeTarget section */
		B066680E210744E500838D58 /* MMDrawerController */ = {
			isa = PBXNativeTarget;
			buildConfigurationList = B0666817210744E500838D58 /* Build configuration list for PBXNativeTarget "MMDrawerController" */;
			buildPhases = (
				B066680A210744E500838D58 /* Sources */,
				B066680B210744E500838D58 /* Frameworks */,
				B066680C210744E500838D58 /* Headers */,
				B066680D210744E500838D58 /* Resources */,
			);
			buildRules = (
			);
			dependencies = (
			);
			name = MMDrawerController;
			productName = MMDrawerController;
			productReference = B066680F210744E500838D58 /* MMDrawerController.framework */;
			productType = "com.apple.product-type.framework";
		};
/* End PBXNativeTarget section */

/* Begin PBXProject section */
		B0666806210744E500838D58 /* Project object */ = {
			isa = PBXProject;
			attributes = {
				LastUpgradeCheck = 0940;
				ORGANIZATIONNAME = "Anton Plebanovich";
				TargetAttributes = {
					B066680E210744E500838D58 = {
						CreatedOnToolsVersion = 9.4.1;
					};
				};
			};
			buildConfigurationList = B0666809210744E500838D58 /* Build configuration list for PBXProject "MMDrawerController" */;
			compatibilityVersion = "Xcode 9.3";
			developmentRegion = en;
			hasScannedForEncodings = 0;
			knownRegions = (
				en,
			);
			mainGroup = B0666805210744E500838D58;
			productRefGroup = B0666810210744E500838D58 /* Products */;
			projectDirPath = "";
			projectRoot = "";
			targets = (
				B066680E210744E500838D58 /* MMDrawerController */,
			);
		};
/* End PBXProject section */

/* Begin PBXResourcesBuildPhase section */
		B066680D210744E500838D58 /* Resources */ = {
			isa = PBXResourcesBuildPhase;
			buildActionMask = 2147483647;
			files = (
			);
			runOnlyForDeploymentPostprocessing = 0;
		};
/* End PBXResourcesBuildPhase section */

/* Begin PBXSourcesBuildPhase section */
		B066680A210744E500838D58 /* Sources */ = {
			isa = PBXSourcesBuildPhase;
			buildActionMask = 2147483647;
			files = (
				B06668292107454C00838D58 /* UIViewController+MMDrawerController.m in Sources */,
				B06668282107454C00838D58 /* MMDrawerVisualState.m in Sources */,
				B066682B2107454C00838D58 /* MMDrawerController.m in Sources */,
				B06668272107454C00838D58 /* MMDrawerBarButtonItem.m in Sources */,
			);
			runOnlyForDeploymentPostprocessing = 0;
		};
/* End PBXSourcesBuildPhase section */

/* Begin XCBuildConfiguration section */
		B0666815210744E500838D58 /* Debug */ = {
			isa = XCBuildConfiguration;
			buildSettings = {
				ALWAYS_SEARCH_USER_PATHS = NO;
				CLANG_ANALYZER_NONNULL = YES;
				CLANG_ANALYZER_NUMBER_OBJECT_CONVERSION = YES_AGGRESSIVE;
				CLANG_CXX_LANGUAGE_STANDARD = "gnu++14";
				CLANG_CXX_LIBRARY = "libc++";
				CLANG_ENABLE_MODULES = YES;
				CLANG_ENABLE_OBJC_ARC = YES;
				CLANG_ENABLE_OBJC_WEAK = YES;
				CLANG_WARN_BLOCK_CAPTURE_AUTORELEASING = YES;
				CLANG_WARN_BOOL_CONVERSION = YES;
				CLANG_WARN_COMMA = YES;
				CLANG_WARN_CONSTANT_CONVERSION = YES;
				CLANG_WARN_DEPRECATED_OBJC_IMPLEMENTATIONS = YES;
				CLANG_WARN_DIRECT_OBJC_ISA_USAGE = YES_ERROR;
				CLANG_WARN_DOCUMENTATION_COMMENTS = YES;
				CLANG_WARN_EMPTY_BODY = YES;
				CLANG_WARN_ENUM_CONVERSION = YES;
				CLANG_WARN_INFINITE_RECURSION = YES;
				CLANG_WARN_INT_CONVERSION = YES;
				CLANG_WARN_NON_LITERAL_NULL_CONVERSION = YES;
				CLANG_WARN_OBJC_IMPLICIT_RETAIN_SELF = YES;
				CLANG_WARN_OBJC_LITERAL_CONVERSION = YES;
				CLANG_WARN_OBJC_ROOT_CLASS = YES_ERROR;
				CLANG_WARN_RANGE_LOOP_ANALYSIS = YES;
				CLANG_WARN_STRICT_PROTOTYPES = YES;
				CLANG_WARN_SUSPICIOUS_MOVE = YES;
				CLANG_WARN_UNGUARDED_AVAILABILITY = YES_AGGRESSIVE;
				CLANG_WARN_UNREACHABLE_CODE = YES;
				CLANG_WARN__DUPLICATE_METHOD_MATCH = YES;
				CODE_SIGN_IDENTITY = "iPhone Developer";
				COPY_PHASE_STRIP = NO;
				CURRENT_PROJECT_VERSION = 1;
				DEBUG_INFORMATION_FORMAT = dwarf;
				ENABLE_STRICT_OBJC_MSGSEND = YES;
				ENABLE_TESTABILITY = YES;
				GCC_C_LANGUAGE_STANDARD = gnu11;
				GCC_DYNAMIC_NO_PIC = NO;
				GCC_NO_COMMON_BLOCKS = YES;
				GCC_OPTIMIZATION_LEVEL = 0;
				GCC_PREPROCESSOR_DEFINITIONS = (
					"DEBUG=1",
					"$(inherited)",
				);
				GCC_WARN_64_TO_32_BIT_CONVERSION = YES;
				GCC_WARN_ABOUT_RETURN_TYPE = YES_ERROR;
				GCC_WARN_UNDECLARED_SELECTOR = YES;
				GCC_WARN_UNINITIALIZED_AUTOS = YES_AGGRESSIVE;
				GCC_WARN_UNUSED_FUNCTION = YES;
				GCC_WARN_UNUSED_VARIABLE = YES;
				IPHONEOS_DEPLOYMENT_TARGET = 11.4;
				MTL_ENABLE_DEBUG_INFO = YES;
				ONLY_ACTIVE_ARCH = YES;
				SDKROOT = iphoneos;
				SWIFT_ACTIVE_COMPILATION_CONDITIONS = DEBUG;
				SWIFT_OPTIMIZATION_LEVEL = "-Onone";
				VERSIONING_SYSTEM = "apple-generic";
				VERSION_INFO_PREFIX = "";
			};
			name = Debug;
		};
		B0666816210744E500838D58 /* Release */ = {
			isa = XCBuildConfiguration;
			buildSettings = {
				ALWAYS_SEARCH_USER_PATHS = NO;
				CLANG_ANALYZER_NONNULL = YES;
				CLANG_ANALYZER_NUMBER_OBJECT_CONVERSION = YES_AGGRESSIVE;
				CLANG_CXX_LANGUAGE_STANDARD = "gnu++14";
				CLANG_CXX_LIBRARY = "libc++";
				CLANG_ENABLE_MODULES = YES;
				CLANG_ENABLE_OBJC_ARC = YES;
				CLANG_ENABLE_OBJC_WEAK = YES;
				CLANG_WARN_BLOCK_CAPTURE_AUTORELEASING = YES;
				CLANG_WARN_BOOL_CONVERSION = YES;
				CLANG_WARN_COMMA = YES;
				CLANG_WARN_CONSTANT_CONVERSION = YES;
				CLANG_WARN_DEPRECATED_OBJC_IMPLEMENTATIONS = YES;
				CLANG_WARN_DIRECT_OBJC_ISA_USAGE = YES_ERROR;
				CLANG_WARN_DOCUMENTATION_COMMENTS = YES;
				CLANG_WARN_EMPTY_BODY = YES;
				CLANG_WARN_ENUM_CONVERSION = YES;
				CLANG_WARN_INFINITE_RECURSION = YES;
				CLANG_WARN_INT_CONVERSION = YES;
				CLANG_WARN_NON_LITERAL_NULL_CONVERSION = YES;
				CLANG_WARN_OBJC_IMPLICIT_RETAIN_SELF = YES;
				CLANG_WARN_OBJC_LITERAL_CONVERSION = YES;
				CLANG_WARN_OBJC_ROOT_CLASS = YES_ERROR;
				CLANG_WARN_RANGE_LOOP_ANALYSIS = YES;
				CLANG_WARN_STRICT_PROTOTYPES = YES;
				CLANG_WARN_SUSPICIOUS_MOVE = YES;
				CLANG_WARN_UNGUARDED_AVAILABILITY = YES_AGGRESSIVE;
				CLANG_WARN_UNREACHABLE_CODE = YES;
				CLANG_WARN__DUPLICATE_METHOD_MATCH = YES;
				CODE_SIGN_IDENTITY = "iPhone Developer";
				COPY_PHASE_STRIP = NO;
				CURRENT_PROJECT_VERSION = 1;
				DEBUG_INFORMATION_FORMAT = "dwarf-with-dsym";
				ENABLE_NS_ASSERTIONS = NO;
				ENABLE_STRICT_OBJC_MSGSEND = YES;
				GCC_C_LANGUAGE_STANDARD = gnu11;
				GCC_NO_COMMON_BLOCKS = YES;
				GCC_WARN_64_TO_32_BIT_CONVERSION = YES;
				GCC_WARN_ABOUT_RETURN_TYPE = YES_ERROR;
				GCC_WARN_UNDECLARED_SELECTOR = YES;
				GCC_WARN_UNINITIALIZED_AUTOS = YES_AGGRESSIVE;
				GCC_WARN_UNUSED_FUNCTION = YES;
				GCC_WARN_UNUSED_VARIABLE = YES;
				IPHONEOS_DEPLOYMENT_TARGET = 11.4;
				MTL_ENABLE_DEBUG_INFO = NO;
				SDKROOT = iphoneos;
				SWIFT_COMPILATION_MODE = wholemodule;
				SWIFT_OPTIMIZATION_LEVEL = "-O";
				VALIDATE_PRODUCT = YES;
				VERSIONING_SYSTEM = "apple-generic";
				VERSION_INFO_PREFIX = "";
			};
			name = Release;
		};
		B0666818210744E500838D58 /* Debug */ = {
			isa = XCBuildConfiguration;
			buildSettings = {
				CODE_SIGN_IDENTITY = "";
				CODE_SIGN_STYLE = Manual;
				DEFINES_MODULE = YES;
				DEVELOPMENT_TEAM = "";
				DYLIB_COMPATIBILITY_VERSION = 1;
				DYLIB_CURRENT_VERSION = 1;
				DYLIB_INSTALL_NAME_BASE = "@rpath";
				INFOPLIST_FILE = MMDrawerController/Info.plist;
				INSTALL_PATH = "$(LOCAL_LIBRARY_DIR)/Frameworks";
				IPHONEOS_DEPLOYMENT_TARGET = 8.0;
				LD_RUNPATH_SEARCH_PATHS = (
					"$(inherited)",
					"@executable_path/Frameworks",
					"@loader_path/Frameworks",
				);
				PRODUCT_BUNDLE_IDENTIFIER = "com.anton-plebanovich.MMDrawerController";
				PRODUCT_NAME = "$(TARGET_NAME:c99extidentifier)";
				PROVISIONING_PROFILE_SPECIFIER = "";
				SKIP_INSTALL = YES;
				SWIFT_VERSION = 4.0;
				TARGETED_DEVICE_FAMILY = "1,2";
			};
			name = Debug;
		};
		B0666819210744E500838D58 /* Release */ = {
			isa = XCBuildConfiguration;
			buildSettings = {
				CODE_SIGN_IDENTITY = "";
				CODE_SIGN_STYLE = Manual;
				DEFINES_MODULE = YES;
				DEVELOPMENT_TEAM = "";
				DYLIB_COMPATIBILITY_VERSION = 1;
				DYLIB_CURRENT_VERSION = 1;
				DYLIB_INSTALL_NAME_BASE = "@rpath";
				INFOPLIST_FILE = MMDrawerController/Info.plist;
				INSTALL_PATH = "$(LOCAL_LIBRARY_DIR)/Frameworks";
				IPHONEOS_DEPLOYMENT_TARGET = 8.0;
				LD_RUNPATH_SEARCH_PATHS = (
					"$(inherited)",
					"@executable_path/Frameworks",
					"@loader_path/Frameworks",
				);
				PRODUCT_BUNDLE_IDENTIFIER = "com.anton-plebanovich.MMDrawerController";
				PRODUCT_NAME = "$(TARGET_NAME:c99extidentifier)";
				PROVISIONING_PROFILE_SPECIFIER = "";
				SKIP_INSTALL = YES;
				SWIFT_VERSION = 4.0;
				TARGETED_DEVICE_FAMILY = "1,2";
			};
			name = Release;
		};
/* End XCBuildConfiguration section */

/* Begin XCConfigurationList section */
		B0666809210744E500838D58 /* Build configuration list for PBXProject "MMDrawerController" */ = {
			isa = XCConfigurationList;
			buildConfigurations = (
				B0666815210744E500838D58 /* Debug */,
				B0666816210744E500838D58 /* Release */,
			);
			defaultConfigurationIsVisible = 0;
			defaultConfigurationName = Release;
		};
		B0666817210744E500838D58 /* Build configuration list for PBXNativeTarget "MMDrawerController" */ = {
			isa = XCConfigurationList;
			buildConfigurations = (
				B0666818210744E500838D58 /* Debug */,
				B0666819210744E500838D58 /* Release */,
			);
			defaultConfigurationIsVisible = 0;
			defaultConfigurationName = Release;
		};
/* End XCConfigurationList section */
	};
	rootObject = B0666806210744E500838D58 /* Project object */;
}
